
Microsoft Visual Studio Solution File, Format Version 12.00
# Visual Studio Version 17
VisualStudioVersion = 17.1.32210.238
MinimumVisualStudioVersion = 10.0.40219.1
Project("{FAE04EC0-301F-11D3-BF4B-00C04F79EFBC}") = "Projekt", "Projekt\Projekt.csproj", "{B19AF9C3-B65E-4422-8A7C-758C09EBBA54}"
EndProject
Project("{FAE04EC0-301F-11D3-BF4B-00C04F79EFBC}") = "Test1", "Test1\Test1.csproj", "{34BAF8E0-EC73-4C80-81DF-3C4027A9069B}"
EndProject
Project("{FAE04EC0-301F-11D3-BF4B-00C04F79EFBC}") = "Test2", "Test2\Test2.csproj", "{EBBE7388-DCB2-4822-9F28-B42150ED9F32}"
EndProject
Global
	GlobalSection(SolutionConfigurationPlatforms) = preSolution
		Debug|Any CPU = Debug|Any CPU
		Release|Any CPU = Release|Any CPU
	EndGlobalSection
	GlobalSection(ProjectConfigurationPlatforms) = postSolution
		{B19AF9C3-B65E-4422-8A7C-758C09EBBA54}.Debug|Any CPU.ActiveCfg = Debug|Any CPU
		{B19AF9C3-B65E-4422-8A7C-758C09EBBA54}.Debug|Any CPU.Build.0 = Debug|Any CPU
		{B19AF9C3-B65E-4422-8A7C-758C09EBBA54}.Release|Any CPU.ActiveCfg = Release|Any CPU
		{B19AF9C3-B65E-4422-8A7C-758C09EBBA54}.Release|Any CPU.Build.0 = Release|Any CPU
		{34BAF8E0-EC73-4C80-81DF-3C4027A9069B}.Debug|Any CPU.ActiveCfg = Debug|Any CPU
		{34BAF8E0-EC73-4C80-81DF-3C4027A9069B}.Debug|Any CPU.Build.0 = Debug|Any CPU
		{34BAF8E0-EC73-4C80-81DF-3C4027A9069B}.Release|Any CPU.ActiveCfg = Release|Any CPU
		{34BAF8E0-EC73-4C80-81DF-3C4027A9069B}.Release|Any CPU.Build.0 = Release|Any CPU
		{EBBE7388-DCB2-4822-9F28-B42150ED9F32}.Debug|Any CPU.ActiveCfg = Debug|Any CPU
		{EBBE7388-DCB2-4822-9F28-B42150ED9F32}.Debug|Any CPU.Build.0 = Debug|Any CPU
		{EBBE7388-DCB2-4822-9F28-B42150ED9F32}.Release|Any CPU.ActiveCfg = Release|Any CPU
		{EBBE7388-DCB2-4822-9F28-B42150ED9F32}.Release|Any CPU.Build.0 = Release|Any CPU
	EndGlobalSection
	GlobalSection(SolutionProperties) = preSolution
		HideSolutionNode = FALSE
	EndGlobalSection
	GlobalSection(ExtensibilityGlobals) = postSolution
		SolutionGuid = {12467D47-93A9-4910-807A-72861537BCC9}
	EndGlobalSection
EndGlobal
